
Microsoft Visual Studio Solution File, Format Version 12.00
# Visual Studio Version 17
VisualStudioVersion = 17.3.32819.101
MinimumVisualStudioVersion = 10.0.40219.1
Project("{9A19103F-16F7-4668-BE54-9A1E7A4F7556}") = "Gestion.dinventaire.Backend", "Gestion.dinventaire.Backend\Gestion.dinventaire.Backend.csproj", "{B44D8399-7AF8-464D-A25F-C3CEC7C65646}"
EndProject
Project("{9A19103F-16F7-4668-BE54-9A1E7A4F7556}") = "Gestion.dinventaire.Backend.DAL", "Gestion.dinventaire.Backend.DAL\Gestion.dinventaire.Backend.DAL.csproj", "{ED5D6168-01A0-4037-9869-A8457CC7B9D2}"
EndProject
Project("{9A19103F-16F7-4668-BE54-9A1E7A4F7556}") = "Gestion.Inventaire.Model", "Gestion.Inventaire.Model\Gestion.Inventaire.Model.csproj", "{3D2A460B-5600-4AB3-8CEC-4610BED09514}"
EndProject
Global
	GlobalSection(SolutionConfigurationPlatforms) = preSolution
		Debug|Any CPU = Debug|Any CPU
		Release|Any CPU = Release|Any CPU
	EndGlobalSection
	GlobalSection(ProjectConfigurationPlatforms) = postSolution
		{B44D8399-7AF8-464D-A25F-C3CEC7C65646}.Debug|Any CPU.ActiveCfg = Debug|Any CPU
		{B44D8399-7AF8-464D-A25F-C3CEC7C65646}.Debug|Any CPU.Build.0 = Debug|Any CPU
		{B44D8399-7AF8-464D-A25F-C3CEC7C65646}.Release|Any CPU.ActiveCfg = Release|Any CPU
		{B44D8399-7AF8-464D-A25F-C3CEC7C65646}.Release|Any CPU.Build.0 = Release|Any CPU
		{ED5D6168-01A0-4037-9869-A8457CC7B9D2}.Debug|Any CPU.ActiveCfg = Debug|Any CPU
		{ED5D6168-01A0-4037-9869-A8457CC7B9D2}.Debug|Any CPU.Build.0 = Debug|Any CPU
		{ED5D6168-01A0-4037-9869-A8457CC7B9D2}.Release|Any CPU.ActiveCfg = Release|Any CPU
		{ED5D6168-01A0-4037-9869-A8457CC7B9D2}.Release|Any CPU.Build.0 = Release|Any CPU
		{3D2A460B-5600-4AB3-8CEC-4610BED09514}.Debug|Any CPU.ActiveCfg = Debug|Any CPU
		{3D2A460B-5600-4AB3-8CEC-4610BED09514}.Debug|Any CPU.Build.0 = Debug|Any CPU
		{3D2A460B-5600-4AB3-8CEC-4610BED09514}.Release|Any CPU.ActiveCfg = Release|Any CPU
		{3D2A460B-5600-4AB3-8CEC-4610BED09514}.Release|Any CPU.Build.0 = Release|Any CPU
	EndGlobalSection
	GlobalSection(SolutionProperties) = preSolution
		HideSolutionNode = FALSE
	EndGlobalSection
	GlobalSection(ExtensibilityGlobals) = postSolution
		SolutionGuid = {D4393667-5E73-4E51-8301-77CA19588221}
	EndGlobalSection
EndGlobal
